
Microsoft Visual Studio Solution File, Format Version 12.00
# Visual Studio 15
VisualStudioVersion = 15.0.28307.106
MinimumVisualStudioVersion = 10.0.40219.1
Project("{FAE04EC0-301F-11D3-BF4B-00C04F79EFBC}") = "Acces2", "Acces2\Acces2.csproj", "{EBEC1207-C020-4E28-93E9-95A767685CF9}"
	ProjectSection(ProjectDependencies) = postProject
		{17FE9682-F4A2-4906-9345-9A23CD271D32} = {17FE9682-F4A2-4906-9345-9A23CD271D32}
	EndProjectSection
EndProject
Project("{FAE04EC0-301F-11D3-BF4B-00C04F79EFBC}") = "ClassBusness", "ClassBusness\ClassBusness.csproj", "{75566FF0-CBC8-4BCC-B597-4DCC5301CC24}"
	ProjectSection(ProjectDependencies) = postProject
		{17FE9682-F4A2-4906-9345-9A23CD271D32} = {17FE9682-F4A2-4906-9345-9A23CD271D32}
		{479648BB-4161-41DF-A48E-CCD9C1E4EABD} = {479648BB-4161-41DF-A48E-CCD9C1E4EABD}
	EndProjectSection
EndProject
Project("{FAE04EC0-301F-11D3-BF4B-00C04F79EFBC}") = "ClassDAO", "ClassDAO\ClassDAO.csproj", "{479648BB-4161-41DF-A48E-CCD9C1E4EABD}"
	ProjectSection(ProjectDependencies) = postProject
		{17FE9682-F4A2-4906-9345-9A23CD271D32} = {17FE9682-F4A2-4906-9345-9A23CD271D32}
	EndProjectSection
EndProject
Project("{FAE04EC0-301F-11D3-BF4B-00C04F79EFBC}") = "ClassMetier", "ClassMetier\ClassMetier.csproj", "{17FE9682-F4A2-4906-9345-9A23CD271D32}"
EndProject
Project("{FAE04EC0-301F-11D3-BF4B-00C04F79EFBC}") = "WindowsFormsApp1", "WindowsFormsApp1\WindowsFormsApp1.csproj", "{CF025430-D6C7-4F8F-B258-D35E3479D090}"
EndProject
Project("{7CF6DF6D-3B04-46F8-A40B-537D21BCA0B4}") = "DocumentationClassDAO", "DocumentationClassDAO\DocumentationClassDAO.shfbproj", "{82E1C278-D83B-4AB4-A728-52F8A166FA7B}"
EndProject
Global
	GlobalSection(SolutionConfigurationPlatforms) = preSolution
		Debug|Any CPU = Debug|Any CPU
		Release|Any CPU = Release|Any CPU
	EndGlobalSection
	GlobalSection(ProjectConfigurationPlatforms) = postSolution
		{EBEC1207-C020-4E28-93E9-95A767685CF9}.Debug|Any CPU.ActiveCfg = Debug|Any CPU
		{EBEC1207-C020-4E28-93E9-95A767685CF9}.Debug|Any CPU.Build.0 = Debug|Any CPU
		{EBEC1207-C020-4E28-93E9-95A767685CF9}.Release|Any CPU.ActiveCfg = Release|Any CPU
		{EBEC1207-C020-4E28-93E9-95A767685CF9}.Release|Any CPU.Build.0 = Release|Any CPU
		{75566FF0-CBC8-4BCC-B597-4DCC5301CC24}.Debug|Any CPU.ActiveCfg = Debug|Any CPU
		{75566FF0-CBC8-4BCC-B597-4DCC5301CC24}.Debug|Any CPU.Build.0 = Debug|Any CPU
		{75566FF0-CBC8-4BCC-B597-4DCC5301CC24}.Release|Any CPU.ActiveCfg = Release|Any CPU
		{75566FF0-CBC8-4BCC-B597-4DCC5301CC24}.Release|Any CPU.Build.0 = Release|Any CPU
		{479648BB-4161-41DF-A48E-CCD9C1E4EABD}.Debug|Any CPU.ActiveCfg = Debug|Any CPU
		{479648BB-4161-41DF-A48E-CCD9C1E4EABD}.Debug|Any CPU.Build.0 = Debug|Any CPU
		{479648BB-4161-41DF-A48E-CCD9C1E4EABD}.Release|Any CPU.ActiveCfg = Release|Any CPU
		{479648BB-4161-41DF-A48E-CCD9C1E4EABD}.Release|Any CPU.Build.0 = Release|Any CPU
		{17FE9682-F4A2-4906-9345-9A23CD271D32}.Debug|Any CPU.ActiveCfg = Debug|Any CPU
		{17FE9682-F4A2-4906-9345-9A23CD271D32}.Debug|Any CPU.Build.0 = Debug|Any CPU
		{17FE9682-F4A2-4906-9345-9A23CD271D32}.Release|Any CPU.ActiveCfg = Release|Any CPU
		{17FE9682-F4A2-4906-9345-9A23CD271D32}.Release|Any CPU.Build.0 = Release|Any CPU
		{CF025430-D6C7-4F8F-B258-D35E3479D090}.Debug|Any CPU.ActiveCfg = Debug|Any CPU
		{CF025430-D6C7-4F8F-B258-D35E3479D090}.Debug|Any CPU.Build.0 = Debug|Any CPU
		{CF025430-D6C7-4F8F-B258-D35E3479D090}.Release|Any CPU.ActiveCfg = Release|Any CPU
		{CF025430-D6C7-4F8F-B258-D35E3479D090}.Release|Any CPU.Build.0 = Release|Any CPU
		{82E1C278-D83B-4AB4-A728-52F8A166FA7B}.Debug|Any CPU.ActiveCfg = Debug|Any CPU
		{82E1C278-D83B-4AB4-A728-52F8A166FA7B}.Debug|Any CPU.Build.0 = Debug|Any CPU
		{82E1C278-D83B-4AB4-A728-52F8A166FA7B}.Release|Any CPU.ActiveCfg = Release|Any CPU
		{82E1C278-D83B-4AB4-A728-52F8A166FA7B}.Release|Any CPU.Build.0 = Release|Any CPU
	EndGlobalSection
	GlobalSection(SolutionProperties) = preSolution
		HideSolutionNode = FALSE
	EndGlobalSection
	GlobalSection(ExtensibilityGlobals) = postSolution
		SolutionGuid = {D74A8D90-F4C9-4C49-8443-D04F31219F1B}
	EndGlobalSection
EndGlobal
